
Microsoft Visual Studio Solution File, Format Version 12.00
# Visual Studio 2012
Project("{FAE04EC0-301F-11D3-BF4B-00C04F79EFBC}") = "MathWorks", "MathWorks\MathWorks.csproj", "{CD663858-8A54-48F3-BB5B-ADC70D6F8A4E}"
EndProject
Project("{FAE04EC0-301F-11D3-BF4B-00C04F79EFBC}") = "MathWorksSpecs", "..\MathWorksSpecs\MathWorksSpecs\MathWorksSpecs.csproj", "{CE6A953D-1808-4AFF-8D94-E245EAC3C96E}"
EndProject
Global
	GlobalSection(SolutionConfigurationPlatforms) = preSolution
		Debug|Any CPU = Debug|Any CPU
		Release|Any CPU = Release|Any CPU
	EndGlobalSection
	GlobalSection(ProjectConfigurationPlatforms) = postSolution
		{CD663858-8A54-48F3-BB5B-ADC70D6F8A4E}.Debug|Any CPU.ActiveCfg = Debug|Any CPU
		{CD663858-8A54-48F3-BB5B-ADC70D6F8A4E}.Debug|Any CPU.Build.0 = Debug|Any CPU
		{CD663858-8A54-48F3-BB5B-ADC70D6F8A4E}.Release|Any CPU.ActiveCfg = Release|Any CPU
		{CD663858-8A54-48F3-BB5B-ADC70D6F8A4E}.Release|Any CPU.Build.0 = Release|Any CPU
		{CE6A953D-1808-4AFF-8D94-E245EAC3C96E}.Debug|Any CPU.ActiveCfg = Debug|Any CPU
		{CE6A953D-1808-4AFF-8D94-E245EAC3C96E}.Debug|Any CPU.Build.0 = Debug|Any CPU
		{CE6A953D-1808-4AFF-8D94-E245EAC3C96E}.Release|Any CPU.ActiveCfg = Release|Any CPU
		{CE6A953D-1808-4AFF-8D94-E245EAC3C96E}.Release|Any CPU.Build.0 = Release|Any CPU
	EndGlobalSection
	GlobalSection(SolutionProperties) = preSolution
		HideSolutionNode = FALSE
	EndGlobalSection
EndGlobal
